
Microsoft Visual Studio Solution File, Format Version 12.00
# Visual Studio Version 16
VisualStudioVersion = 16.0.31005.135
MinimumVisualStudioVersion = 10.0.40219.1
Project("{9A19103F-16F7-4668-BE54-9A1E7A4F7556}") = "Taller_Poo", "Taller_Poo\Taller_Poo.csproj", "{83E6B7F6-5334-435C-84D0-7BDB1681CF5C}"
EndProject
Project("{9A19103F-16F7-4668-BE54-9A1E7A4F7556}") = "Servicio", "Servicio\Servicio.csproj", "{AFAC73A7-9169-4B7B-B6E9-4BB82CBE5CE0}"
EndProject
Project("{FAE04EC0-301F-11D3-BF4B-00C04F79EFBC}") = "Modulo", "Modulo\Modulo.csproj", "{BEECA16D-9459-4453-A290-9BCCA5A33546}"
EndProject
Global
	GlobalSection(SolutionConfigurationPlatforms) = preSolution
		Debug|Any CPU = Debug|Any CPU
		Release|Any CPU = Release|Any CPU
	EndGlobalSection
	GlobalSection(ProjectConfigurationPlatforms) = postSolution
		{83E6B7F6-5334-435C-84D0-7BDB1681CF5C}.Debug|Any CPU.ActiveCfg = Debug|Any CPU
		{83E6B7F6-5334-435C-84D0-7BDB1681CF5C}.Debug|Any CPU.Build.0 = Debug|Any CPU
		{83E6B7F6-5334-435C-84D0-7BDB1681CF5C}.Release|Any CPU.ActiveCfg = Release|Any CPU
		{83E6B7F6-5334-435C-84D0-7BDB1681CF5C}.Release|Any CPU.Build.0 = Release|Any CPU
		{AFAC73A7-9169-4B7B-B6E9-4BB82CBE5CE0}.Debug|Any CPU.ActiveCfg = Debug|Any CPU
		{AFAC73A7-9169-4B7B-B6E9-4BB82CBE5CE0}.Debug|Any CPU.Build.0 = Debug|Any CPU
		{AFAC73A7-9169-4B7B-B6E9-4BB82CBE5CE0}.Release|Any CPU.ActiveCfg = Release|Any CPU
		{AFAC73A7-9169-4B7B-B6E9-4BB82CBE5CE0}.Release|Any CPU.Build.0 = Release|Any CPU
		{BEECA16D-9459-4453-A290-9BCCA5A33546}.Debug|Any CPU.ActiveCfg = Debug|Any CPU
		{BEECA16D-9459-4453-A290-9BCCA5A33546}.Debug|Any CPU.Build.0 = Debug|Any CPU
		{BEECA16D-9459-4453-A290-9BCCA5A33546}.Release|Any CPU.ActiveCfg = Release|Any CPU
		{BEECA16D-9459-4453-A290-9BCCA5A33546}.Release|Any CPU.Build.0 = Release|Any CPU
	EndGlobalSection
	GlobalSection(SolutionProperties) = preSolution
		HideSolutionNode = FALSE
	EndGlobalSection
	GlobalSection(ExtensibilityGlobals) = postSolution
		SolutionGuid = {2D14DC65-2502-4D27-B4EA-608A473F4D3C}
	EndGlobalSection
EndGlobal
